
Microsoft Visual Studio Solution File, Format Version 12.00
# Visual Studio 15
VisualStudioVersion = 15.0.26228.9
MinimumVisualStudioVersion = 10.0.40219.1
Project("{FAE04EC0-301F-11D3-BF4B-00C04F79EFBC}") = "AzureIoTHubConnectedService", "AzureIoTHubConnectedService-2017\AzureIoTHubConnectedService.csproj", "{11DB582F-9A17-4481-A975-D7FAF2260672}"
EndProject
Project("{FAE04EC0-301F-11D3-BF4B-00C04F79EFBC}") = "AzureIoTHubConnectedServiceLibrary", "AzureIoTHubConnectedServiceLibrary\AzureIoTHubConnectedServiceLibrary-2017.csproj", "{E3F516CA-E6B9-4585-BF00-C89A67159900}"
EndProject
Global
	GlobalSection(SolutionConfigurationPlatforms) = preSolution
		Debug|Any CPU = Debug|Any CPU
		Debug|x86 = Debug|x86
		Release|Any CPU = Release|Any CPU
		Release|x86 = Release|x86
	EndGlobalSection
	GlobalSection(ProjectConfigurationPlatforms) = postSolution
		{11DB582F-9A17-4481-A975-D7FAF2260672}.Debug|Any CPU.ActiveCfg = Debug|Any CPU
		{11DB582F-9A17-4481-A975-D7FAF2260672}.Debug|Any CPU.Build.0 = Debug|Any CPU
		{11DB582F-9A17-4481-A975-D7FAF2260672}.Debug|x86.ActiveCfg = Debug|x86
		{11DB582F-9A17-4481-A975-D7FAF2260672}.Debug|x86.Build.0 = Debug|x86
		{11DB582F-9A17-4481-A975-D7FAF2260672}.Release|Any CPU.ActiveCfg = Release|Any CPU
		{11DB582F-9A17-4481-A975-D7FAF2260672}.Release|Any CPU.Build.0 = Release|Any CPU
		{11DB582F-9A17-4481-A975-D7FAF2260672}.Release|x86.ActiveCfg = Release|x86
		{11DB582F-9A17-4481-A975-D7FAF2260672}.Release|x86.Build.0 = Release|x86
		{E3F516CA-E6B9-4585-BF00-C89A67159900}.Debug|Any CPU.ActiveCfg = Debug|Any CPU
		{E3F516CA-E6B9-4585-BF00-C89A67159900}.Debug|Any CPU.Build.0 = Debug|Any CPU
		{E3F516CA-E6B9-4585-BF00-C89A67159900}.Debug|x86.ActiveCfg = Debug|Any CPU
		{E3F516CA-E6B9-4585-BF00-C89A67159900}.Debug|x86.Build.0 = Debug|Any CPU
		{E3F516CA-E6B9-4585-BF00-C89A67159900}.Release|Any CPU.ActiveCfg = Release|Any CPU
		{E3F516CA-E6B9-4585-BF00-C89A67159900}.Release|Any CPU.Build.0 = Release|Any CPU
		{E3F516CA-E6B9-4585-BF00-C89A67159900}.Release|x86.ActiveCfg = Release|Any CPU
		{E3F516CA-E6B9-4585-BF00-C89A67159900}.Release|x86.Build.0 = Release|Any CPU
	EndGlobalSection
	GlobalSection(SolutionProperties) = preSolution
		HideSolutionNode = FALSE
	EndGlobalSection
EndGlobal
